
Microsoft Visual Studio Solution File, Format Version 12.00
# Visual Studio Version 16
VisualStudioVersion = 16.0.30320.27
MinimumVisualStudioVersion = 10.0.40219.1
Project("{FAE04EC0-301F-11D3-BF4B-00C04F79EFBC}") = "Optimal_Route_Calculator", "Optimal_Route_Calculator\Optimal_Route_Calculator.csproj", "{9F466A8B-1674-43F5-84F6-F2FD2D33E02B}"
EndProject
Global
	GlobalSection(SolutionConfigurationPlatforms) = preSolution
		Debug|Any CPU = Debug|Any CPU
		Release|Any CPU = Release|Any CPU
	EndGlobalSection
	GlobalSection(ProjectConfigurationPlatforms) = postSolution
		{9F466A8B-1674-43F5-84F6-F2FD2D33E02B}.Debug|Any CPU.ActiveCfg = Debug|Any CPU
		{9F466A8B-1674-43F5-84F6-F2FD2D33E02B}.Debug|Any CPU.Build.0 = Debug|Any CPU
		{9F466A8B-1674-43F5-84F6-F2FD2D33E02B}.Release|Any CPU.ActiveCfg = Release|Any CPU
		{9F466A8B-1674-43F5-84F6-F2FD2D33E02B}.Release|Any CPU.Build.0 = Release|Any CPU
	EndGlobalSection
	GlobalSection(SolutionProperties) = preSolution
		HideSolutionNode = FALSE
	EndGlobalSection
	GlobalSection(ExtensibilityGlobals) = postSolution
		SolutionGuid = {97C93CB6-73DA-486F-871F-BC2B7AA5059B}
	EndGlobalSection
EndGlobal
